
Microsoft Visual Studio Solution File, Format Version 12.00
# Visual Studio Version 17
VisualStudioVersion = 17.8.34408.163
MinimumVisualStudioVersion = 10.0.40219.1
Project("{9A19103F-16F7-4668-BE54-9A1E7A4F7556}") = "Z01.Module", "Z01.Module\Z01.Module.csproj", "{90F8D5D7-1D7A-4C3E-AE21-04D2A1180327}"
EndProject
Project("{9A19103F-16F7-4668-BE54-9A1E7A4F7556}") = "Z01.Blazor.Server", "Z01.Blazor.Server\Z01.Blazor.Server.csproj", "{ABF7A000-4D7A-4027-8009-E977E59308CA}"
EndProject
Global
	GlobalSection(SolutionConfigurationPlatforms) = preSolution
		Debug|Any CPU = Debug|Any CPU
		EasyTest|Any CPU = EasyTest|Any CPU
		Release|Any CPU = Release|Any CPU
	EndGlobalSection
	GlobalSection(ProjectConfigurationPlatforms) = postSolution
		{90F8D5D7-1D7A-4C3E-AE21-04D2A1180327}.Debug|Any CPU.ActiveCfg = Debug|Any CPU
		{90F8D5D7-1D7A-4C3E-AE21-04D2A1180327}.Debug|Any CPU.Build.0 = Debug|Any CPU
		{90F8D5D7-1D7A-4C3E-AE21-04D2A1180327}.EasyTest|Any CPU.ActiveCfg = EasyTest|Any CPU
		{90F8D5D7-1D7A-4C3E-AE21-04D2A1180327}.EasyTest|Any CPU.Build.0 = EasyTest|Any CPU
		{90F8D5D7-1D7A-4C3E-AE21-04D2A1180327}.Release|Any CPU.ActiveCfg = Release|Any CPU
		{90F8D5D7-1D7A-4C3E-AE21-04D2A1180327}.Release|Any CPU.Build.0 = Release|Any CPU
		{ABF7A000-4D7A-4027-8009-E977E59308CA}.Debug|Any CPU.ActiveCfg = Debug|Any CPU
		{ABF7A000-4D7A-4027-8009-E977E59308CA}.Debug|Any CPU.Build.0 = Debug|Any CPU
		{ABF7A000-4D7A-4027-8009-E977E59308CA}.EasyTest|Any CPU.ActiveCfg = EasyTest|Any CPU
		{ABF7A000-4D7A-4027-8009-E977E59308CA}.EasyTest|Any CPU.Build.0 = EasyTest|Any CPU
		{ABF7A000-4D7A-4027-8009-E977E59308CA}.Release|Any CPU.ActiveCfg = Release|Any CPU
		{ABF7A000-4D7A-4027-8009-E977E59308CA}.Release|Any CPU.Build.0 = Release|Any CPU
	EndGlobalSection
	GlobalSection(SolutionProperties) = preSolution
		HideSolutionNode = FALSE
	EndGlobalSection
	GlobalSection(ExtensibilityGlobals) = postSolution
		SolutionGuid = {4E68E75B-3E87-41A9-ABFC-23ACED5C18FD}
	EndGlobalSection
EndGlobal
